// !$*UTF8*$!
{
	archiveVersion = 1;
	classes = {
	};
	objectVersion = 55;
	objects = {

/* Begin PBXBuildFile section */
		626E88E52727073F00631945 /* DismissModifier.swift in Sources */ = {isa = PBXBuildFile; fileRef = 626E88E42727073F00631945 /* DismissModifier.swift */; };
		6279ED6E2721A4F300EEA986 /* WorkspaceView.swift in Sources */ = {isa = PBXBuildFile; fileRef = 6279ED6D2721A4F300EEA986 /* WorkspaceView.swift */; };
		6279ED6F2721A4F300EEA986 /* WorkspaceView.swift in Sources */ = {isa = PBXBuildFile; fileRef = 6279ED6D2721A4F300EEA986 /* WorkspaceView.swift */; };
		6279ED712721A5B400EEA986 /* RobotsView.swift in Sources */ = {isa = PBXBuildFile; fileRef = 6279ED702721A5B400EEA986 /* RobotsView.swift */; };
		6279ED722721A5B400EEA986 /* RobotsView.swift in Sources */ = {isa = PBXBuildFile; fileRef = 6279ED702721A5B400EEA986 /* RobotsView.swift */; };
		62A23C4B271C70D0008FC0CC /* Sidebar.swift in Sources */ = {isa = PBXBuildFile; fileRef = 62A23C4A271C70D0008FC0CC /* Sidebar.swift */; };
		62A23C4C271C70D0008FC0CC /* Sidebar.swift in Sources */ = {isa = PBXBuildFile; fileRef = 62A23C4A271C70D0008FC0CC /* Sidebar.swift */; };
		62E0D3642719C700009D58D2 /* Robotic_Complex_WorkspaceApp.swift in Sources */ = {isa = PBXBuildFile; fileRef = 62E0D3502719C6FC009D58D2 /* Robotic_Complex_WorkspaceApp.swift */; };
		62E0D3652719C700009D58D2 /* Robotic_Complex_WorkspaceApp.swift in Sources */ = {isa = PBXBuildFile; fileRef = 62E0D3502719C6FC009D58D2 /* Robotic_Complex_WorkspaceApp.swift */; };
		62E0D3662719C700009D58D2 /* Robotic_Complex_WorkspaceDocument.swift in Sources */ = {isa = PBXBuildFile; fileRef = 62E0D3512719C6FC009D58D2 /* Robotic_Complex_WorkspaceDocument.swift */; };
		62E0D3672719C700009D58D2 /* Robotic_Complex_WorkspaceDocument.swift in Sources */ = {isa = PBXBuildFile; fileRef = 62E0D3512719C6FC009D58D2 /* Robotic_Complex_WorkspaceDocument.swift */; };
		62E0D3682719C700009D58D2 /* ContentView.swift in Sources */ = {isa = PBXBuildFile; fileRef = 62E0D3522719C6FC009D58D2 /* ContentView.swift */; };
		62E0D3692719C700009D58D2 /* ContentView.swift in Sources */ = {isa = PBXBuildFile; fileRef = 62E0D3522719C6FC009D58D2 /* ContentView.swift */; };
		62E0D36A2719C700009D58D2 /* Assets.xcassets in Resources */ = {isa = PBXBuildFile; fileRef = 62E0D3532719C6FF009D58D2 /* Assets.xcassets */; };
		62E0D36B2719C700009D58D2 /* Assets.xcassets in Resources */ = {isa = PBXBuildFile; fileRef = 62E0D3532719C6FF009D58D2 /* Assets.xcassets */; };
/* End PBXBuildFile section */

/* Begin PBXFileReference section */
		626E88E42727073F00631945 /* DismissModifier.swift */ = {isa = PBXFileReference; lastKnownFileType = sourcecode.swift; path = DismissModifier.swift; sourceTree = "<group>"; };
		6279ED6D2721A4F300EEA986 /* WorkspaceView.swift */ = {isa = PBXFileReference; lastKnownFileType = sourcecode.swift; path = WorkspaceView.swift; sourceTree = "<group>"; };
		6279ED702721A5B400EEA986 /* RobotsView.swift */ = {isa = PBXFileReference; lastKnownFileType = sourcecode.swift; path = RobotsView.swift; sourceTree = "<group>"; };
		62A23C4A271C70D0008FC0CC /* Sidebar.swift */ = {isa = PBXFileReference; lastKnownFileType = sourcecode.swift; path = Sidebar.swift; sourceTree = "<group>"; };
		62E0D3502719C6FC009D58D2 /* Robotic_Complex_WorkspaceApp.swift */ = {isa = PBXFileReference; lastKnownFileType = sourcecode.swift; path = Robotic_Complex_WorkspaceApp.swift; sourceTree = "<group>"; };
		62E0D3512719C6FC009D58D2 /* Robotic_Complex_WorkspaceDocument.swift */ = {isa = PBXFileReference; lastKnownFileType = sourcecode.swift; path = Robotic_Complex_WorkspaceDocument.swift; sourceTree = "<group>"; };
		62E0D3522719C6FC009D58D2 /* ContentView.swift */ = {isa = PBXFileReference; lastKnownFileType = sourcecode.swift; path = ContentView.swift; sourceTree = "<group>"; };
		62E0D3532719C6FF009D58D2 /* Assets.xcassets */ = {isa = PBXFileReference; lastKnownFileType = folder.assetcatalog; path = Assets.xcassets; sourceTree = "<group>"; };
		62E0D3582719C700009D58D2 /* Robotic Complex Workspace.app */ = {isa = PBXFileReference; explicitFileType = wrapper.application; includeInIndex = 0; path = "Robotic Complex Workspace.app"; sourceTree = BUILT_PRODUCTS_DIR; };
		62E0D35B2719C700009D58D2 /* Info.plist */ = {isa = PBXFileReference; lastKnownFileType = text.plist.xml; path = Info.plist; sourceTree = "<group>"; };
		62E0D3602719C700009D58D2 /* Robotic Complex Workspace.app */ = {isa = PBXFileReference; explicitFileType = wrapper.application; includeInIndex = 0; path = "Robotic Complex Workspace.app"; sourceTree = BUILT_PRODUCTS_DIR; };
		62E0D3622719C700009D58D2 /* Info.plist */ = {isa = PBXFileReference; lastKnownFileType = text.plist.xml; path = Info.plist; sourceTree = "<group>"; };
		62E0D3632719C700009D58D2 /* macOS.entitlements */ = {isa = PBXFileReference; lastKnownFileType = text.plist.entitlements; path = macOS.entitlements; sourceTree = "<group>"; };
		62E0D3742719CB9D009D58D2 /* Robotic Complex Workspace (iOS).entitlements */ = {isa = PBXFileReference; lastKnownFileType = text.plist.entitlements; path = "Robotic Complex Workspace (iOS).entitlements"; sourceTree = "<group>"; };
/* End PBXFileReference section */

/* Begin PBXFrameworksBuildPhase section */
		62E0D3552719C700009D58D2 /* Frameworks */ = {
			isa = PBXFrameworksBuildPhase;
			buildActionMask = 2147483647;
			files = (
			);
			runOnlyForDeploymentPostprocessing = 0;
		};
		62E0D35D2719C700009D58D2 /* Frameworks */ = {
			isa = PBXFrameworksBuildPhase;
			buildActionMask = 2147483647;
			files = (
			);
			runOnlyForDeploymentPostprocessing = 0;
		};
/* End PBXFrameworksBuildPhase section */

/* Begin PBXGroup section */
		62E0D34A2719C6FC009D58D2 = {
			isa = PBXGroup;
			children = (
				62E0D3742719CB9D009D58D2 /* Robotic Complex Workspace (iOS).entitlements */,
				62E0D34F2719C6FC009D58D2 /* Shared */,
				62E0D35A2719C700009D58D2 /* iOS */,
				62E0D3612719C700009D58D2 /* macOS */,
				62E0D3592719C700009D58D2 /* Products */,
			);
			sourceTree = "<group>";
		};
		62E0D34F2719C6FC009D58D2 /* Shared */ = {
			isa = PBXGroup;
			children = (
				62E0D3532719C6FF009D58D2 /* Assets.xcassets */,
				62E0D3502719C6FC009D58D2 /* Robotic_Complex_WorkspaceApp.swift */,
				62E0D3512719C6FC009D58D2 /* Robotic_Complex_WorkspaceDocument.swift */,
				62E0D3522719C6FC009D58D2 /* ContentView.swift */,
				62A23C4A271C70D0008FC0CC /* Sidebar.swift */,
				6279ED6D2721A4F300EEA986 /* WorkspaceView.swift */,
				6279ED702721A5B400EEA986 /* RobotsView.swift */,
				626E88E42727073F00631945 /* DismissModifier.swift */,
			);
			path = Shared;
			sourceTree = "<group>";
		};
		62E0D3592719C700009D58D2 /* Products */ = {
			isa = PBXGroup;
			children = (
				62E0D3582719C700009D58D2 /* Robotic Complex Workspace.app */,
				62E0D3602719C700009D58D2 /* Robotic Complex Workspace.app */,
			);
			name = Products;
			sourceTree = "<group>";
		};
		62E0D35A2719C700009D58D2 /* iOS */ = {
			isa = PBXGroup;
			children = (
				62E0D35B2719C700009D58D2 /* Info.plist */,
			);
			path = iOS;
			sourceTree = "<group>";
		};
		62E0D3612719C700009D58D2 /* macOS */ = {
			isa = PBXGroup;
			children = (
				62E0D3622719C700009D58D2 /* Info.plist */,
				62E0D3632719C700009D58D2 /* macOS.entitlements */,
			);
			path = macOS;
			sourceTree = "<group>";
		};
/* End PBXGroup section */

/* Begin PBXNativeTarget section */
		62E0D3572719C700009D58D2 /* Robotic Complex Workspace (iOS) */ = {
			isa = PBXNativeTarget;
			buildConfigurationList = 62E0D36E2719C700009D58D2 /* Build configuration list for PBXNativeTarget "Robotic Complex Workspace (iOS)" */;
			buildPhases = (
				62E0D3542719C700009D58D2 /* Sources */,
				62E0D3552719C700009D58D2 /* Frameworks */,
				62E0D3562719C700009D58D2 /* Resources */,
			);
			buildRules = (
			);
			dependencies = (
			);
			name = "Robotic Complex Workspace (iOS)";
			productName = "Robotic Complex Workspace (iOS)";
			productReference = 62E0D3582719C700009D58D2 /* Robotic Complex Workspace.app */;
			productType = "com.apple.product-type.application";
		};
		62E0D35F2719C700009D58D2 /* Robotic Complex Workspace (macOS) */ = {
			isa = PBXNativeTarget;
			buildConfigurationList = 62E0D3712719C700009D58D2 /* Build configuration list for PBXNativeTarget "Robotic Complex Workspace (macOS)" */;
			buildPhases = (
				62E0D35C2719C700009D58D2 /* Sources */,
				62E0D35D2719C700009D58D2 /* Frameworks */,
				62E0D35E2719C700009D58D2 /* Resources */,
			);
			buildRules = (
			);
			dependencies = (
			);
			name = "Robotic Complex Workspace (macOS)";
			productName = "Robotic Complex Workspace (macOS)";
			productReference = 62E0D3602719C700009D58D2 /* Robotic Complex Workspace.app */;
			productType = "com.apple.product-type.application";
		};
/* End PBXNativeTarget section */

/* Begin PBXProject section */
		62E0D34B2719C6FC009D58D2 /* Project object */ = {
			isa = PBXProject;
			attributes = {
				BuildIndependentTargetsInParallel = 1;
				LastSwiftUpdateCheck = 1300;
				LastUpgradeCheck = 1300;
				TargetAttributes = {
					62E0D3572719C700009D58D2 = {
						CreatedOnToolsVersion = 13.0;
					};
					62E0D35F2719C700009D58D2 = {
						CreatedOnToolsVersion = 13.0;
					};
				};
			};
			buildConfigurationList = 62E0D34E2719C6FC009D58D2 /* Build configuration list for PBXProject "Robotic Complex Workspace" */;
			compatibilityVersion = "Xcode 13.0";
			developmentRegion = en;
			hasScannedForEncodings = 0;
			knownRegions = (
				en,
				Base,
			);
			mainGroup = 62E0D34A2719C6FC009D58D2;
			productRefGroup = 62E0D3592719C700009D58D2 /* Products */;
			projectDirPath = "";
			projectRoot = "";
			targets = (
				62E0D3572719C700009D58D2 /* Robotic Complex Workspace (iOS) */,
				62E0D35F2719C700009D58D2 /* Robotic Complex Workspace (macOS) */,
			);
		};
/* End PBXProject section */

/* Begin PBXResourcesBuildPhase section */
		62E0D3562719C700009D58D2 /* Resources */ = {
			isa = PBXResourcesBuildPhase;
			buildActionMask = 2147483647;
			files = (
				62E0D36A2719C700009D58D2 /* Assets.xcassets in Resources */,
			);
			runOnlyForDeploymentPostprocessing = 0;
		};
		62E0D35E2719C700009D58D2 /* Resources */ = {
			isa = PBXResourcesBuildPhase;
			buildActionMask = 2147483647;
			files = (
				62E0D36B2719C700009D58D2 /* Assets.xcassets in Resources */,
			);
			runOnlyForDeploymentPostprocessing = 0;
		};
/* End PBXResourcesBuildPhase section */

/* Begin PBXSourcesBuildPhase section */
		62E0D3542719C700009D58D2 /* Sources */ = {
			isa = PBXSourcesBuildPhase;
			buildActionMask = 2147483647;
			files = (
				62E0D3662719C700009D58D2 /* Robotic_Complex_WorkspaceDocument.swift in Sources */,
				62E0D3642719C700009D58D2 /* Robotic_Complex_WorkspaceApp.swift in Sources */,
				626E88E52727073F00631945 /* DismissModifier.swift in Sources */,
				62A23C4B271C70D0008FC0CC /* Sidebar.swift in Sources */,
				6279ED712721A5B400EEA986 /* RobotsView.swift in Sources */,
				6279ED6E2721A4F300EEA986 /* WorkspaceView.swift in Sources */,
				62E0D3682719C700009D58D2 /* ContentView.swift in Sources */,
			);
			runOnlyForDeploymentPostprocessing = 0;
		};
		62E0D35C2719C700009D58D2 /* Sources */ = {
			isa = PBXSourcesBuildPhase;
			buildActionMask = 2147483647;
			files = (
				62E0D3672719C700009D58D2 /* Robotic_Complex_WorkspaceDocument.swift in Sources */,
				62E0D3652719C700009D58D2 /* Robotic_Complex_WorkspaceApp.swift in Sources */,
				62A23C4C271C70D0008FC0CC /* Sidebar.swift in Sources */,
				6279ED722721A5B400EEA986 /* RobotsView.swift in Sources */,
				6279ED6F2721A4F300EEA986 /* WorkspaceView.swift in Sources */,
				62E0D3692719C700009D58D2 /* ContentView.swift in Sources */,
			);
			runOnlyForDeploymentPostprocessing = 0;
		};
/* End PBXSourcesBuildPhase section */

/* Begin XCBuildConfiguration section */
		62E0D36C2719C700009D58D2 /* Debug */ = {
			isa = XCBuildConfiguration;
			buildSettings = {
				ALWAYS_SEARCH_USER_PATHS = NO;
				CLANG_ANALYZER_NONNULL = YES;
				CLANG_ANALYZER_NUMBER_OBJECT_CONVERSION = YES_AGGRESSIVE;
				CLANG_CXX_LANGUAGE_STANDARD = "gnu++17";
				CLANG_CXX_LIBRARY = "libc++";
				CLANG_ENABLE_MODULES = YES;
				CLANG_ENABLE_OBJC_ARC = YES;
				CLANG_ENABLE_OBJC_WEAK = YES;
				CLANG_WARN_BLOCK_CAPTURE_AUTORELEASING = YES;
				CLANG_WARN_BOOL_CONVERSION = YES;
				CLANG_WARN_COMMA = YES;
				CLANG_WARN_CONSTANT_CONVERSION = YES;
				CLANG_WARN_DEPRECATED_OBJC_IMPLEMENTATIONS = YES;
				CLANG_WARN_DIRECT_OBJC_ISA_USAGE = YES_ERROR;
				CLANG_WARN_DOCUMENTATION_COMMENTS = YES;
				CLANG_WARN_EMPTY_BODY = YES;
				CLANG_WARN_ENUM_CONVERSION = YES;
				CLANG_WARN_INFINITE_RECURSION = YES;
				CLANG_WARN_INT_CONVERSION = YES;
				CLANG_WARN_NON_LITERAL_NULL_CONVERSION = YES;
				CLANG_WARN_OBJC_IMPLICIT_RETAIN_SELF = YES;
				CLANG_WARN_OBJC_LITERAL_CONVERSION = YES;
				CLANG_WARN_OBJC_ROOT_CLASS = YES_ERROR;
				CLANG_WARN_QUOTED_INCLUDE_IN_FRAMEWORK_HEADER = YES;
				CLANG_WARN_RANGE_LOOP_ANALYSIS = YES;
				CLANG_WARN_STRICT_PROTOTYPES = YES;
				CLANG_WARN_SUSPICIOUS_MOVE = YES;
				CLANG_WARN_UNGUARDED_AVAILABILITY = YES_AGGRESSIVE;
				CLANG_WARN_UNREACHABLE_CODE = YES;
				CLANG_WARN__DUPLICATE_METHOD_MATCH = YES;
				COPY_PHASE_STRIP = NO;
				DEBUG_INFORMATION_FORMAT = dwarf;
				ENABLE_STRICT_OBJC_MSGSEND = YES;
				ENABLE_TESTABILITY = YES;
				GCC_C_LANGUAGE_STANDARD = gnu11;
				GCC_DYNAMIC_NO_PIC = NO;
				GCC_NO_COMMON_BLOCKS = YES;
				GCC_OPTIMIZATION_LEVEL = 0;
				GCC_PREPROCESSOR_DEFINITIONS = (
					"DEBUG=1",
					"$(inherited)",
				);
				GCC_WARN_64_TO_32_BIT_CONVERSION = YES;
				GCC_WARN_ABOUT_RETURN_TYPE = YES_ERROR;
				GCC_WARN_UNDECLARED_SELECTOR = YES;
				GCC_WARN_UNINITIALIZED_AUTOS = YES_AGGRESSIVE;
				GCC_WARN_UNUSED_FUNCTION = YES;
				GCC_WARN_UNUSED_VARIABLE = YES;
				MTL_ENABLE_DEBUG_INFO = INCLUDE_SOURCE;
				MTL_FAST_MATH = YES;
				ONLY_ACTIVE_ARCH = YES;
				SWIFT_ACTIVE_COMPILATION_CONDITIONS = DEBUG;
				SWIFT_OPTIMIZATION_LEVEL = "-Onone";
			};
			name = Debug;
		};
		62E0D36D2719C700009D58D2 /* Release */ = {
			isa = XCBuildConfiguration;
			buildSettings = {
				ALWAYS_SEARCH_USER_PATHS = NO;
				CLANG_ANALYZER_NONNULL = YES;
				CLANG_ANALYZER_NUMBER_OBJECT_CONVERSION = YES_AGGRESSIVE;
				CLANG_CXX_LANGUAGE_STANDARD = "gnu++17";
				CLANG_CXX_LIBRARY = "libc++";
				CLANG_ENABLE_MODULES = YES;
				CLANG_ENABLE_OBJC_ARC = YES;
				CLANG_ENABLE_OBJC_WEAK = YES;
				CLANG_WARN_BLOCK_CAPTURE_AUTORELEASING = YES;
				CLANG_WARN_BOOL_CONVERSION = YES;
				CLANG_WARN_COMMA = YES;
				CLANG_WARN_CONSTANT_CONVERSION = YES;
				CLANG_WARN_DEPRECATED_OBJC_IMPLEMENTATIONS = YES;
				CLANG_WARN_DIRECT_OBJC_ISA_USAGE = YES_ERROR;
				CLANG_WARN_DOCUMENTATION_COMMENTS = YES;
				CLANG_WARN_EMPTY_BODY = YES;
				CLANG_WARN_ENUM_CONVERSION = YES;
				CLANG_WARN_INFINITE_RECURSION = YES;
				CLANG_WARN_INT_CONVERSION = YES;
				CLANG_WARN_NON_LITERAL_NULL_CONVERSION = YES;
				CLANG_WARN_OBJC_IMPLICIT_RETAIN_SELF = YES;
				CLANG_WARN_OBJC_LITERAL_CONVERSION = YES;
				CLANG_WARN_OBJC_ROOT_CLASS = YES_ERROR;
				CLANG_WARN_QUOTED_INCLUDE_IN_FRAMEWORK_HEADER = YES;
				CLANG_WARN_RANGE_LOOP_ANALYSIS = YES;
				CLANG_WARN_STRICT_PROTOTYPES = YES;
				CLANG_WARN_SUSPICIOUS_MOVE = YES;
				CLANG_WARN_UNGUARDED_AVAILABILITY = YES_AGGRESSIVE;
				CLANG_WARN_UNREACHABLE_CODE = YES;
				CLANG_WARN__DUPLICATE_METHOD_MATCH = YES;
				COPY_PHASE_STRIP = NO;
				DEBUG_INFORMATION_FORMAT = "dwarf-with-dsym";
				ENABLE_NS_ASSERTIONS = NO;
				ENABLE_STRICT_OBJC_MSGSEND = YES;
				GCC_C_LANGUAGE_STANDARD = gnu11;
				GCC_NO_COMMON_BLOCKS = YES;
				GCC_WARN_64_TO_32_BIT_CONVERSION = YES;
				GCC_WARN_ABOUT_RETURN_TYPE = YES_ERROR;
				GCC_WARN_UNDECLARED_SELECTOR = YES;
				GCC_WARN_UNINITIALIZED_AUTOS = YES_AGGRESSIVE;
				GCC_WARN_UNUSED_FUNCTION = YES;
				GCC_WARN_UNUSED_VARIABLE = YES;
				MTL_ENABLE_DEBUG_INFO = NO;
				MTL_FAST_MATH = YES;
				SWIFT_COMPILATION_MODE = wholemodule;
				SWIFT_OPTIMIZATION_LEVEL = "-O";
			};
			name = Release;
		};
		62E0D36F2719C700009D58D2 /* Debug */ = {
			isa = XCBuildConfiguration;
			buildSettings = {
				ASSETCATALOG_COMPILER_APPICON_NAME = AppIcon;
				ASSETCATALOG_COMPILER_GLOBAL_ACCENT_COLOR_NAME = AccentColor;
				CODE_SIGN_ENTITLEMENTS = "Robotic Complex Workspace (iOS).entitlements";
				CODE_SIGN_STYLE = Automatic;
				CURRENT_PROJECT_VERSION = 1;
				DEVELOPMENT_TEAM = 6T64H9365J;
				ENABLE_PREVIEWS = YES;
				GENERATE_INFOPLIST_FILE = YES;
				INFOPLIST_FILE = iOS/Info.plist;
				INFOPLIST_KEY_CFBundleDisplayName = RCWorkspace;
				INFOPLIST_KEY_LSSupportsOpeningDocumentsInPlace = YES;
				INFOPLIST_KEY_UIApplicationSceneManifest_Generation = YES;
				INFOPLIST_KEY_UIApplicationSupportsIndirectInputEvents = YES;
				INFOPLIST_KEY_UILaunchScreen_Generation = YES;
				INFOPLIST_KEY_UISupportedInterfaceOrientations_iPad = "UIInterfaceOrientationPortrait UIInterfaceOrientationPortraitUpsideDown UIInterfaceOrientationLandscapeLeft UIInterfaceOrientationLandscapeRight";
				INFOPLIST_KEY_UISupportedInterfaceOrientations_iPhone = "UIInterfaceOrientationPortrait UIInterfaceOrientationLandscapeLeft UIInterfaceOrientationLandscapeRight";
				INFOPLIST_KEY_UISupportsDocumentBrowser = YES;
				IPHONEOS_DEPLOYMENT_TARGET = 14.0;
				LD_RUNPATH_SEARCH_PATHS = (
					"$(inherited)",
					"@executable_path/Frameworks",
				);
				MARKETING_VERSION = 1.0;
				PRODUCT_BUNDLE_IDENTIFIER = "mw-park.Robotic-Complex-Workspace";
				PRODUCT_NAME = "Robotic Complex Workspace";
				SDKROOT = iphoneos;
				SUPPORTS_MACCATALYST = YES;
				SWIFT_EMIT_LOC_STRINGS = YES;
				SWIFT_VERSION = 5.0;
				TARGETED_DEVICE_FAMILY = "1,2";
			};
			name = Debug;
		};
		62E0D3702719C700009D58D2 /* Release */ = {
			isa = XCBuildConfiguration;
			buildSettings = {
				ASSETCATALOG_COMPILER_APPICON_NAME = AppIcon;
				ASSETCATALOG_COMPILER_GLOBAL_ACCENT_COLOR_NAME = AccentColor;
				CODE_SIGN_ENTITLEMENTS = "Robotic Complex Workspace (iOS).entitlements";
				CODE_SIGN_STYLE = Automatic;
				CURRENT_PROJECT_VERSION = 1;
				DEVELOPMENT_TEAM = 6T64H9365J;
				ENABLE_PREVIEWS = YES;
				GENERATE_INFOPLIST_FILE = YES;
				INFOPLIST_FILE = iOS/Info.plist;
				INFOPLIST_KEY_CFBundleDisplayName = RCWorkspace;
				INFOPLIST_KEY_LSSupportsOpeningDocumentsInPlace = YES;
				INFOPLIST_KEY_UIApplicationSceneManifest_Generation = YES;
				INFOPLIST_KEY_UIApplicationSupportsIndirectInputEvents = YES;
				INFOPLIST_KEY_UILaunchScreen_Generation = YES;
				INFOPLIST_KEY_UISupportedInterfaceOrientations_iPad = "UIInterfaceOrientationPortrait UIInterfaceOrientationPortraitUpsideDown UIInterfaceOrientationLandscapeLeft UIInterfaceOrientationLandscapeRight";
				INFOPLIST_KEY_UISupportedInterfaceOrientations_iPhone = "UIInterfaceOrientationPortrait UIInterfaceOrientationLandscapeLeft UIInterfaceOrientationLandscapeRight";
				INFOPLIST_KEY_UISupportsDocumentBrowser = YES;
				IPHONEOS_DEPLOYMENT_TARGET = 14.0;
				LD_RUNPATH_SEARCH_PATHS = (
					"$(inherited)",
					"@executable_path/Frameworks",
				);
				MARKETING_VERSION = 1.0;
				PRODUCT_BUNDLE_IDENTIFIER = "mw-park.Robotic-Complex-Workspace";
				PRODUCT_NAME = "Robotic Complex Workspace";
				SDKROOT = iphoneos;
				SUPPORTS_MACCATALYST = YES;
				SWIFT_EMIT_LOC_STRINGS = YES;
				SWIFT_VERSION = 5.0;
				TARGETED_DEVICE_FAMILY = "1,2";
				VALIDATE_PRODUCT = YES;
			};
			name = Release;
		};
		62E0D3722719C700009D58D2 /* Debug */ = {
			isa = XCBuildConfiguration;
			buildSettings = {
				ASSETCATALOG_COMPILER_APPICON_NAME = AppIcon;
				ASSETCATALOG_COMPILER_GLOBAL_ACCENT_COLOR_NAME = AccentColor;
				CODE_SIGN_ENTITLEMENTS = macOS/macOS.entitlements;
				CODE_SIGN_STYLE = Automatic;
				COMBINE_HIDPI_IMAGES = YES;
				CURRENT_PROJECT_VERSION = 1;
				DEVELOPMENT_TEAM = 6T64H9365J;
				ENABLE_HARDENED_RUNTIME = YES;
				ENABLE_PREVIEWS = YES;
				GENERATE_INFOPLIST_FILE = YES;
				INFOPLIST_FILE = macOS/Info.plist;
				INFOPLIST_KEY_NSHumanReadableCopyright = "";
				LD_RUNPATH_SEARCH_PATHS = (
					"$(inherited)",
					"@executable_path/../Frameworks",
				);
				MACOSX_DEPLOYMENT_TARGET = 11.0;
				MARKETING_VERSION = 1.0;
				PRODUCT_BUNDLE_IDENTIFIER = "mw-park.Robotic-Complex-Workspace";
				PRODUCT_NAME = "Robotic Complex Workspace";
				SDKROOT = macosx;
				SWIFT_EMIT_LOC_STRINGS = YES;
				SWIFT_VERSION = 5.0;
			};
			name = Debug;
		};
		62E0D3732719C700009D58D2 /* Release */ = {
			isa = XCBuildConfiguration;
			buildSettings = {
				ASSETCATALOG_COMPILER_APPICON_NAME = AppIcon;
				ASSETCATALOG_COMPILER_GLOBAL_ACCENT_COLOR_NAME = AccentColor;
				CODE_SIGN_ENTITLEMENTS = macOS/macOS.entitlements;
				CODE_SIGN_STYLE = Automatic;
				COMBINE_HIDPI_IMAGES = YES;
				CURRENT_PROJECT_VERSION = 1;
				DEVELOPMENT_TEAM = 6T64H9365J;
				ENABLE_HARDENED_RUNTIME = YES;
				ENABLE_PREVIEWS = YES;
				GENERATE_INFOPLIST_FILE = YES;
				INFOPLIST_FILE = macOS/Info.plist;
				INFOPLIST_KEY_NSHumanReadableCopyright = "";
				LD_RUNPATH_SEARCH_PATHS = (
					"$(inherited)",
					"@executable_path/../Frameworks",
				);
				MACOSX_DEPLOYMENT_TARGET = 11.0;
				MARKETING_VERSION = 1.0;
				PRODUCT_BUNDLE_IDENTIFIER = "mw-park.Robotic-Complex-Workspace";
				PRODUCT_NAME = "Robotic Complex Workspace";
				SDKROOT = macosx;
				SWIFT_EMIT_LOC_STRINGS = YES;
				SWIFT_VERSION = 5.0;
			};
			name = Release;
		};
/* End XCBuildConfiguration section */

/* Begin XCConfigurationList section */
		62E0D34E2719C6FC009D58D2 /* Build configuration list for PBXProject "Robotic Complex Workspace" */ = {
			isa = XCConfigurationList;
			buildConfigurations = (
				62E0D36C2719C700009D58D2 /* Debug */,
				62E0D36D2719C700009D58D2 /* Release */,
			);
			defaultConfigurationIsVisible = 0;
			defaultConfigurationName = Release;
		};
		62E0D36E2719C700009D58D2 /* Build configuration list for PBXNativeTarget "Robotic Complex Workspace (iOS)" */ = {
			isa = XCConfigurationList;
			buildConfigurations = (
				62E0D36F2719C700009D58D2 /* Debug */,
				62E0D3702719C700009D58D2 /* Release */,
			);
			defaultConfigurationIsVisible = 0;
			defaultConfigurationName = Release;
		};
		62E0D3712719C700009D58D2 /* Build configuration list for PBXNativeTarget "Robotic Complex Workspace (macOS)" */ = {
			isa = XCConfigurationList;
			buildConfigurations = (
				62E0D3722719C700009D58D2 /* Debug */,
				62E0D3732719C700009D58D2 /* Release */,
			);
			defaultConfigurationIsVisible = 0;
			defaultConfigurationName = Release;
		};
/* End XCConfigurationList section */
	};
	rootObject = 62E0D34B2719C6FC009D58D2 /* Project object */;
}
