// !$*UTF8*$!
{
	archiveVersion = 1;
	classes = {
	};
	objectVersion = 70;
	objects = {

/* Begin PBXBuildFile section */
		622E73DF2B12AD1D0035FDD5 /* PerformerElementsViews.swift in Sources */ = {isa = PBXBuildFile; fileRef = 622E73DE2B12AD1D0035FDD5 /* PerformerElementsViews.swift */; };
		622E73E12B12AD4A0035FDD5 /* ModifierElementsViews.swift in Sources */ = {isa = PBXBuildFile; fileRef = 622E73E02B12AD4A0035FDD5 /* ModifierElementsViews.swift */; };
		622E73E32B12AD710035FDD5 /* LogicElementsViews.swift in Sources */ = {isa = PBXBuildFile; fileRef = 622E73E22B12AD710035FDD5 /* LogicElementsViews.swift */; };
		6236F9372AD3439B008FA7C4 /* Robotic_Complex_WorkspaceApp.swift in Sources */ = {isa = PBXBuildFile; fileRef = 6236F9362AD3439B008FA7C4 /* Robotic_Complex_WorkspaceApp.swift */; };
		6236F9392AD3439B008FA7C4 /* Robotic_Complex_WorkspaceDocument.swift in Sources */ = {isa = PBXBuildFile; fileRef = 6236F9382AD3439B008FA7C4 /* Robotic_Complex_WorkspaceDocument.swift */; };
		6236F93D2AD3439C008FA7C4 /* Assets.xcassets in Resources */ = {isa = PBXBuildFile; fileRef = 6236F93C2AD3439C008FA7C4 /* Assets.xcassets */; };
		6236F9422AD3439C008FA7C4 /* Preview Assets.xcassets in Resources */ = {isa = PBXBuildFile; fileRef = 6236F9412AD3439C008FA7C4 /* Preview Assets.xcassets */; };
		6236F9492AD34591008FA7C4 /* Functions.swift in Sources */ = {isa = PBXBuildFile; fileRef = 6236F9482AD34591008FA7C4 /* Functions.swift */; };
		6236F9552AD345C4008FA7C4 /* Sidebar.swift in Sources */ = {isa = PBXBuildFile; fileRef = 6236F94B2AD345C4008FA7C4 /* Sidebar.swift */; };
		6236F9562AD345C4008FA7C4 /* ConnectorView.swift in Sources */ = {isa = PBXBuildFile; fileRef = 6236F94C2AD345C4008FA7C4 /* ConnectorView.swift */; };
		6236F9572AD345C4008FA7C4 /* ToolsView.swift in Sources */ = {isa = PBXBuildFile; fileRef = 6236F94D2AD345C4008FA7C4 /* ToolsView.swift */; };
		6236F9582AD345C4008FA7C4 /* PartsView.swift in Sources */ = {isa = PBXBuildFile; fileRef = 6236F94E2AD345C4008FA7C4 /* PartsView.swift */; };
		6236F9592AD345C4008FA7C4 /* SettingsView.swift in Sources */ = {isa = PBXBuildFile; fileRef = 6236F94F2AD345C4008FA7C4 /* SettingsView.swift */; };
		6236F95A2AD345C4008FA7C4 /* StatisticsView.swift in Sources */ = {isa = PBXBuildFile; fileRef = 6236F9502AD345C4008FA7C4 /* StatisticsView.swift */; };
		6236F95B2AD345C4008FA7C4 /* WorkspaceView.swift in Sources */ = {isa = PBXBuildFile; fileRef = 6236F9512AD345C4008FA7C4 /* WorkspaceView.swift */; };
		6236F95C2AD345C4008FA7C4 /* RobotsView.swift in Sources */ = {isa = PBXBuildFile; fileRef = 6236F9522AD345C4008FA7C4 /* RobotsView.swift */; };
		6236F95D2AD345C4008FA7C4 /* ControlProgramView.swift in Sources */ = {isa = PBXBuildFile; fileRef = 6236F9532AD345C4008FA7C4 /* ControlProgramView.swift */; };
		6236F95E2AD345C4008FA7C4 /* ContentView.swift in Sources */ = {isa = PBXBuildFile; fileRef = 6236F9542AD345C4008FA7C4 /* ContentView.swift */; };
		6236F9632AD345FC008FA7C4 /* DynamicStack.swift in Sources */ = {isa = PBXBuildFile; fileRef = 6236F9602AD345FC008FA7C4 /* DynamicStack.swift */; };
		6236F9642AD345FC008FA7C4 /* ContextMenus.swift in Sources */ = {isa = PBXBuildFile; fileRef = 6236F9612AD345FC008FA7C4 /* ContextMenus.swift */; };
		6236F9652AD345FC008FA7C4 /* DoubleModifier.swift in Sources */ = {isa = PBXBuildFile; fileRef = 6236F9622AD345FC008FA7C4 /* DoubleModifier.swift */; };
		6236F9852AD34763008FA7C4 /* RobotsInfo.plist in Resources */ = {isa = PBXBuildFile; fileRef = 6236F9822AD34763008FA7C4 /* RobotsInfo.plist */; };
		6236F98A2AD347AA008FA7C4 /* Components.scnassets in Resources */ = {isa = PBXBuildFile; fileRef = 6236F9892AD347AA008FA7C4 /* Components.scnassets */; };
		62398C7C2BF29C39001A5B8A /* RobotsTableView.swift in Sources */ = {isa = PBXBuildFile; fileRef = 62398C7B2BF29C39001A5B8A /* RobotsTableView.swift */; };
		62398C7E2BF29DCC001A5B8A /* AddRobotView.swift in Sources */ = {isa = PBXBuildFile; fileRef = 62398C7D2BF29DCC001A5B8A /* AddRobotView.swift */; };
		62398C802BF29E9A001A5B8A /* RobotsPassViews.swift in Sources */ = {isa = PBXBuildFile; fileRef = 62398C7F2BF29E9A001A5B8A /* RobotsPassViews.swift */; };
		62398C822BF29FDB001A5B8A /* RobotInspectorView.swift in Sources */ = {isa = PBXBuildFile; fileRef = 62398C812BF29FDB001A5B8A /* RobotInspectorView.swift */; };
		62398C842BF2A0D9001A5B8A /* RobotView.swift in Sources */ = {isa = PBXBuildFile; fileRef = 62398C832BF2A0D9001A5B8A /* RobotView.swift */; };
		62398C882BF2A3B1001A5B8A /* ToolView.swift in Sources */ = {isa = PBXBuildFile; fileRef = 62398C872BF2A3B1001A5B8A /* ToolView.swift */; };
		62398C8A2BF2A42C001A5B8A /* ToolInspectorView.swift in Sources */ = {isa = PBXBuildFile; fileRef = 62398C892BF2A42C001A5B8A /* ToolInspectorView.swift */; };
		62398C8E2BF2A70D001A5B8A /* PartView.swift in Sources */ = {isa = PBXBuildFile; fileRef = 62398C8D2BF2A70D001A5B8A /* PartView.swift */; };
		623D724C2ADC696F00927DEA /* RegistersDataView.swift in Sources */ = {isa = PBXBuildFile; fileRef = 623D724B2ADC696F00927DEA /* RegistersDataView.swift */; };
		6255B91D2B9B9CF3002B575C /* DocumentUpdateHandler.swift in Sources */ = {isa = PBXBuildFile; fileRef = 6255B91C2B9B9CF3002B575C /* DocumentUpdateHandler.swift */; };
		626EF85E2AD3493900F2A361 /* IndustrialKit in Frameworks */ = {isa = PBXBuildFile; productRef = 626EF85D2AD3493900F2A361 /* IndustrialKit */; };
		627C25502C9DA7660087D777 /* AddObjectView.swift in Sources */ = {isa = PBXBuildFile; fileRef = 627C254F2C9DA7660087D777 /* AddObjectView.swift */; };
		627D3E9B2AD34A7600D5988D /* AppState.swift in Sources */ = {isa = PBXBuildFile; fileRef = 627D3E9A2AD34A7600D5988D /* AppState.swift */; };
		6282EC752C9341EF006EBF3C /* List.swift in Sources */ = {isa = PBXBuildFile; fileRef = 6282EC742C9341EF006EBF3C /* List.swift */; };
		62BFD7862B85699B00966525 /* ViewPendantButton.swift in Sources */ = {isa = PBXBuildFile; fileRef = 62BFD7852B85699B00966525 /* ViewPendantButton.swift */; };
		62BFD7882B8C8B4000966525 /* SidebarController.swift in Sources */ = {isa = PBXBuildFile; fileRef = 62BFD7872B8C8B4000966525 /* SidebarController.swift */; };
		62E165E52B20C422005E318A /* VisualWorkspaceView.swift in Sources */ = {isa = PBXBuildFile; fileRef = 62E165E42B20C422005E318A /* VisualWorkspaceView.swift */; };
		62E165E72B20C692005E318A /* GalleryWorkspaceView.swift in Sources */ = {isa = PBXBuildFile; fileRef = 62E165E62B20C692005E318A /* GalleryWorkspaceView.swift */; };
/* End PBXBuildFile section */

/* Begin PBXFileReference section */
		622E73DE2B12AD1D0035FDD5 /* PerformerElementsViews.swift */ = {isa = PBXFileReference; lastKnownFileType = sourcecode.swift; path = PerformerElementsViews.swift; sourceTree = "<group>"; };
		622E73E02B12AD4A0035FDD5 /* ModifierElementsViews.swift */ = {isa = PBXFileReference; lastKnownFileType = sourcecode.swift; path = ModifierElementsViews.swift; sourceTree = "<group>"; };
		622E73E22B12AD710035FDD5 /* LogicElementsViews.swift */ = {isa = PBXFileReference; lastKnownFileType = sourcecode.swift; path = LogicElementsViews.swift; sourceTree = "<group>"; };
		6236F9342AD3439B008FA7C4 /* RCWorkspace.app */ = {isa = PBXFileReference; explicitFileType = wrapper.application; includeInIndex = 0; path = RCWorkspace.app; sourceTree = BUILT_PRODUCTS_DIR; };
		6236F9362AD3439B008FA7C4 /* Robotic_Complex_WorkspaceApp.swift */ = {isa = PBXFileReference; lastKnownFileType = sourcecode.swift; path = Robotic_Complex_WorkspaceApp.swift; sourceTree = "<group>"; };
		6236F9382AD3439B008FA7C4 /* Robotic_Complex_WorkspaceDocument.swift */ = {isa = PBXFileReference; lastKnownFileType = sourcecode.swift; path = Robotic_Complex_WorkspaceDocument.swift; sourceTree = "<group>"; };
		6236F93C2AD3439C008FA7C4 /* Assets.xcassets */ = {isa = PBXFileReference; lastKnownFileType = folder.assetcatalog; path = Assets.xcassets; sourceTree = "<group>"; };
		6236F93E2AD3439C008FA7C4 /* Info.plist */ = {isa = PBXFileReference; lastKnownFileType = text.plist.xml; path = Info.plist; sourceTree = "<group>"; };
		6236F93F2AD3439C008FA7C4 /* Robotic_Complex_Workspace.entitlements */ = {isa = PBXFileReference; lastKnownFileType = text.plist.entitlements; path = Robotic_Complex_Workspace.entitlements; sourceTree = "<group>"; };
		6236F9412AD3439C008FA7C4 /* Preview Assets.xcassets */ = {isa = PBXFileReference; lastKnownFileType = folder.assetcatalog; path = "Preview Assets.xcassets"; sourceTree = "<group>"; };
		6236F9482AD34591008FA7C4 /* Functions.swift */ = {isa = PBXFileReference; fileEncoding = 4; lastKnownFileType = sourcecode.swift; path = Functions.swift; sourceTree = "<group>"; };
		6236F94B2AD345C4008FA7C4 /* Sidebar.swift */ = {isa = PBXFileReference; fileEncoding = 4; lastKnownFileType = sourcecode.swift; path = Sidebar.swift; sourceTree = "<group>"; };
		6236F94C2AD345C4008FA7C4 /* ConnectorView.swift */ = {isa = PBXFileReference; fileEncoding = 4; lastKnownFileType = sourcecode.swift; path = ConnectorView.swift; sourceTree = "<group>"; };
		6236F94D2AD345C4008FA7C4 /* ToolsView.swift */ = {isa = PBXFileReference; fileEncoding = 4; lastKnownFileType = sourcecode.swift; path = ToolsView.swift; sourceTree = "<group>"; };
		6236F94E2AD345C4008FA7C4 /* PartsView.swift */ = {isa = PBXFileReference; fileEncoding = 4; lastKnownFileType = sourcecode.swift; path = PartsView.swift; sourceTree = "<group>"; };
		6236F94F2AD345C4008FA7C4 /* SettingsView.swift */ = {isa = PBXFileReference; fileEncoding = 4; lastKnownFileType = sourcecode.swift; path = SettingsView.swift; sourceTree = "<group>"; };
		6236F9502AD345C4008FA7C4 /* StatisticsView.swift */ = {isa = PBXFileReference; fileEncoding = 4; lastKnownFileType = sourcecode.swift; path = StatisticsView.swift; sourceTree = "<group>"; };
		6236F9512AD345C4008FA7C4 /* WorkspaceView.swift */ = {isa = PBXFileReference; fileEncoding = 4; lastKnownFileType = sourcecode.swift; path = WorkspaceView.swift; sourceTree = "<group>"; };
		6236F9522AD345C4008FA7C4 /* RobotsView.swift */ = {isa = PBXFileReference; fileEncoding = 4; lastKnownFileType = sourcecode.swift; path = RobotsView.swift; sourceTree = "<group>"; };
		6236F9532AD345C4008FA7C4 /* ControlProgramView.swift */ = {isa = PBXFileReference; fileEncoding = 4; lastKnownFileType = sourcecode.swift; path = ControlProgramView.swift; sourceTree = "<group>"; };
		6236F9542AD345C4008FA7C4 /* ContentView.swift */ = {isa = PBXFileReference; fileEncoding = 4; lastKnownFileType = sourcecode.swift; path = ContentView.swift; sourceTree = "<group>"; };
		6236F9602AD345FC008FA7C4 /* DynamicStack.swift */ = {isa = PBXFileReference; fileEncoding = 4; lastKnownFileType = sourcecode.swift; path = DynamicStack.swift; sourceTree = "<group>"; };
		6236F9612AD345FC008FA7C4 /* ContextMenus.swift */ = {isa = PBXFileReference; fileEncoding = 4; lastKnownFileType = sourcecode.swift; path = ContextMenus.swift; sourceTree = "<group>"; };
		6236F9622AD345FC008FA7C4 /* DoubleModifier.swift */ = {isa = PBXFileReference; fileEncoding = 4; lastKnownFileType = sourcecode.swift; path = DoubleModifier.swift; sourceTree = "<group>"; };
		6236F9822AD34763008FA7C4 /* RobotsInfo.plist */ = {isa = PBXFileReference; fileEncoding = 4; lastKnownFileType = text.plist.xml; path = RobotsInfo.plist; sourceTree = "<group>"; };
		6236F9892AD347AA008FA7C4 /* Components.scnassets */ = {isa = PBXFileReference; lastKnownFileType = wrapper.scnassets; path = Components.scnassets; sourceTree = "<group>"; };
		62398C7B2BF29C39001A5B8A /* RobotsTableView.swift */ = {isa = PBXFileReference; lastKnownFileType = sourcecode.swift; path = RobotsTableView.swift; sourceTree = "<group>"; };
		62398C7D2BF29DCC001A5B8A /* AddRobotView.swift */ = {isa = PBXFileReference; lastKnownFileType = sourcecode.swift; path = AddRobotView.swift; sourceTree = "<group>"; };
		62398C7F2BF29E9A001A5B8A /* RobotsPassViews.swift */ = {isa = PBXFileReference; lastKnownFileType = sourcecode.swift; path = RobotsPassViews.swift; sourceTree = "<group>"; };
		62398C812BF29FDB001A5B8A /* RobotInspectorView.swift */ = {isa = PBXFileReference; lastKnownFileType = sourcecode.swift; path = RobotInspectorView.swift; sourceTree = "<group>"; };
		62398C832BF2A0D9001A5B8A /* RobotView.swift */ = {isa = PBXFileReference; lastKnownFileType = sourcecode.swift; path = RobotView.swift; sourceTree = "<group>"; };
		62398C872BF2A3B1001A5B8A /* ToolView.swift */ = {isa = PBXFileReference; lastKnownFileType = sourcecode.swift; path = ToolView.swift; sourceTree = "<group>"; };
		62398C892BF2A42C001A5B8A /* ToolInspectorView.swift */ = {isa = PBXFileReference; lastKnownFileType = sourcecode.swift; path = ToolInspectorView.swift; sourceTree = "<group>"; };
		62398C8D2BF2A70D001A5B8A /* PartView.swift */ = {isa = PBXFileReference; lastKnownFileType = sourcecode.swift; path = PartView.swift; sourceTree = "<group>"; };
		623D724B2ADC696F00927DEA /* RegistersDataView.swift */ = {isa = PBXFileReference; lastKnownFileType = sourcecode.swift; path = RegistersDataView.swift; sourceTree = "<group>"; };
		6255B91C2B9B9CF3002B575C /* DocumentUpdateHandler.swift */ = {isa = PBXFileReference; lastKnownFileType = sourcecode.swift; path = DocumentUpdateHandler.swift; sourceTree = "<group>"; };
		627C254F2C9DA7660087D777 /* AddObjectView.swift */ = {isa = PBXFileReference; lastKnownFileType = sourcecode.swift; path = AddObjectView.swift; sourceTree = "<group>"; };
		627D3E9A2AD34A7600D5988D /* AppState.swift */ = {isa = PBXFileReference; fileEncoding = 4; lastKnownFileType = sourcecode.swift; path = AppState.swift; sourceTree = "<group>"; };
		6282EC742C9341EF006EBF3C /* List.swift */ = {isa = PBXFileReference; lastKnownFileType = sourcecode.swift; path = List.swift; sourceTree = "<group>"; };
		62BFD7852B85699B00966525 /* ViewPendantButton.swift */ = {isa = PBXFileReference; lastKnownFileType = sourcecode.swift; path = ViewPendantButton.swift; sourceTree = "<group>"; };
		62BFD7872B8C8B4000966525 /* SidebarController.swift */ = {isa = PBXFileReference; lastKnownFileType = sourcecode.swift; path = SidebarController.swift; sourceTree = "<group>"; };
		62E165E42B20C422005E318A /* VisualWorkspaceView.swift */ = {isa = PBXFileReference; lastKnownFileType = sourcecode.swift; path = VisualWorkspaceView.swift; sourceTree = "<group>"; };
		62E165E62B20C692005E318A /* GalleryWorkspaceView.swift */ = {isa = PBXFileReference; lastKnownFileType = sourcecode.swift; path = GalleryWorkspaceView.swift; sourceTree = "<group>"; };
		62E165E82B20C6E8005E318A /* SpatialWorkspaceView.swift */ = {isa = PBXFileReference; lastKnownFileType = sourcecode.swift; path = SpatialWorkspaceView.swift; sourceTree = "<group>"; };
/* End PBXFileReference section */

/* Begin PBXFileSystemSynchronizedRootGroup section */
		62D6C49E2C997F33002CF2D9 /* 6DOF.robot */ = {isa = PBXFileSystemSynchronizedRootGroup; explicitFileTypes = {}; explicitFolders = (); path = 6DOF.robot; sourceTree = "<group>"; };
		62D6C4A12C997F33002CF2D9 /* Drill.tool */ = {isa = PBXFileSystemSynchronizedRootGroup; explicitFileTypes = {}; explicitFolders = (); path = Drill.tool; sourceTree = "<group>"; };
		62D6C4A42C997F33002CF2D9 /* Gripper.tool */ = {isa = PBXFileSystemSynchronizedRootGroup; explicitFileTypes = {}; explicitFolders = (); path = Gripper.tool; sourceTree = "<group>"; };
		62D6C4A72C997F33002CF2D9 /* Portal.robot */ = {isa = PBXFileSystemSynchronizedRootGroup; explicitFileTypes = {}; explicitFolders = (); path = Portal.robot; sourceTree = "<group>"; };
		62D6C4B62C99A5BF002CF2D9 /* Books.part */ = {isa = PBXFileSystemSynchronizedRootGroup; explicitFileTypes = {}; explicitFolders = (); path = Books.part; sourceTree = "<group>"; };
		62D6C4B82C99A5BF002CF2D9 /* Cup.part */ = {isa = PBXFileSystemSynchronizedRootGroup; explicitFileTypes = {}; explicitFolders = (); path = Cup.part; sourceTree = "<group>"; };
/* End PBXFileSystemSynchronizedRootGroup section */

/* Begin PBXFrameworksBuildPhase section */
		6236F9312AD3439B008FA7C4 /* Frameworks */ = {
			isa = PBXFrameworksBuildPhase;
			buildActionMask = 2147483647;
			files = (
				626EF85E2AD3493900F2A361 /* IndustrialKit in Frameworks */,
			);
			runOnlyForDeploymentPostprocessing = 0;
		};
/* End PBXFrameworksBuildPhase section */

/* Begin PBXGroup section */
		622E73DD2B12ACC60035FDD5 /* ControlProgramViews */ = {
			isa = PBXGroup;
			children = (
				622E73DE2B12AD1D0035FDD5 /* PerformerElementsViews.swift */,
				622E73E02B12AD4A0035FDD5 /* ModifierElementsViews.swift */,
				622E73E22B12AD710035FDD5 /* LogicElementsViews.swift */,
			);
			path = ControlProgramViews;
			sourceTree = "<group>";
		};
		6236F9352AD3439B008FA7C4 /* Robotic Complex Workspace */ = {
			isa = PBXGroup;
			children = (
				6236F94A2AD345A0008FA7C4 /* Views */,
				6236F95F2AD345DB008FA7C4 /* ViewModifiers */,
				6236F9662AD3461D008FA7C4 /* Classes */,
				6236F9672AD34628008FA7C4 /* Modules */,
				6236F9802AD3473F008FA7C4 /* Lists */,
				6236F9482AD34591008FA7C4 /* Functions.swift */,
				6236F9362AD3439B008FA7C4 /* Robotic_Complex_WorkspaceApp.swift */,
				6236F9382AD3439B008FA7C4 /* Robotic_Complex_WorkspaceDocument.swift */,
				6236F9892AD347AA008FA7C4 /* Components.scnassets */,
				6236F93C2AD3439C008FA7C4 /* Assets.xcassets */,
				6236F93E2AD3439C008FA7C4 /* Info.plist */,
				6236F93F2AD3439C008FA7C4 /* Robotic_Complex_Workspace.entitlements */,
				6236F9402AD3439C008FA7C4 /* Preview Content */,
			);
			path = "Robotic Complex Workspace";
			sourceTree = "<group>";
		};
		6236F9402AD3439C008FA7C4 /* Preview Content */ = {
			isa = PBXGroup;
			children = (
				6236F9412AD3439C008FA7C4 /* Preview Assets.xcassets */,
			);
			path = "Preview Content";
			sourceTree = "<group>";
		};
		6236F94A2AD345A0008FA7C4 /* Views */ = {
			isa = PBXGroup;
			children = (
				62398C7A2BF29A2A001A5B8A /* WorkspaceDesigner */,
				62398C772BF299CF001A5B8A /* RobotsDesigner */,
				62398C782BF299E5001A5B8A /* ToolsDesigner */,
				62398C792BF299F1001A5B8A /* PartsDesigner */,
				627C254F2C9DA7660087D777 /* AddObjectView.swift */,
				6236F94C2AD345C4008FA7C4 /* ConnectorView.swift */,
				6236F9542AD345C4008FA7C4 /* ContentView.swift */,
				6236F94F2AD345C4008FA7C4 /* SettingsView.swift */,
				6236F94B2AD345C4008FA7C4 /* Sidebar.swift */,
				6236F9502AD345C4008FA7C4 /* StatisticsView.swift */,
			);
			path = Views;
			sourceTree = "<group>";
		};
		6236F95F2AD345DB008FA7C4 /* ViewModifiers */ = {
			isa = PBXGroup;
			children = (
				6236F9612AD345FC008FA7C4 /* ContextMenus.swift */,
				6236F9622AD345FC008FA7C4 /* DoubleModifier.swift */,
				6236F9602AD345FC008FA7C4 /* DynamicStack.swift */,
				62BFD7852B85699B00966525 /* ViewPendantButton.swift */,
				6255B91C2B9B9CF3002B575C /* DocumentUpdateHandler.swift */,
			);
			path = ViewModifiers;
			sourceTree = "<group>";
		};
		6236F9662AD3461D008FA7C4 /* Classes */ = {
			isa = PBXGroup;
			children = (
				627D3E9A2AD34A7600D5988D /* AppState.swift */,
				62BFD7872B8C8B4000966525 /* SidebarController.swift */,
			);
			path = Classes;
			sourceTree = "<group>";
		};
		6236F9672AD34628008FA7C4 /* Modules */ = {
			isa = PBXGroup;
			children = (
				6282EC742C9341EF006EBF3C /* List.swift */,
				62D6C4B62C99A5BF002CF2D9 /* Books.part */,
				62D6C4B82C99A5BF002CF2D9 /* Cup.part */,
				62D6C49E2C997F33002CF2D9 /* 6DOF.robot */,
				62D6C4A12C997F33002CF2D9 /* Drill.tool */,
				62D6C4A42C997F33002CF2D9 /* Gripper.tool */,
				62D6C4A72C997F33002CF2D9 /* Portal.robot */,
			);
			path = Modules;
			sourceTree = "<group>";
		};
		6236F9802AD3473F008FA7C4 /* Lists */ = {
			isa = PBXGroup;
			children = (
				6236F9822AD34763008FA7C4 /* RobotsInfo.plist */,
			);
			path = Lists;
			sourceTree = "<group>";
		};
		62398C772BF299CF001A5B8A /* RobotsDesigner */ = {
			isa = PBXGroup;
			children = (
				6236F9522AD345C4008FA7C4 /* RobotsView.swift */,
				62398C7B2BF29C39001A5B8A /* RobotsTableView.swift */,
				62398C7D2BF29DCC001A5B8A /* AddRobotView.swift */,
				62398C7F2BF29E9A001A5B8A /* RobotsPassViews.swift */,
				62398C832BF2A0D9001A5B8A /* RobotView.swift */,
				62398C812BF29FDB001A5B8A /* RobotInspectorView.swift */,
			);
			path = RobotsDesigner;
			sourceTree = "<group>";
		};
		62398C782BF299E5001A5B8A /* ToolsDesigner */ = {
			isa = PBXGroup;
			children = (
				6236F94D2AD345C4008FA7C4 /* ToolsView.swift */,
				62398C872BF2A3B1001A5B8A /* ToolView.swift */,
				62398C892BF2A42C001A5B8A /* ToolInspectorView.swift */,
			);
			path = ToolsDesigner;
			sourceTree = "<group>";
		};
		62398C792BF299F1001A5B8A /* PartsDesigner */ = {
			isa = PBXGroup;
			children = (
				6236F94E2AD345C4008FA7C4 /* PartsView.swift */,
				62398C8D2BF2A70D001A5B8A /* PartView.swift */,
			);
			path = PartsDesigner;
			sourceTree = "<group>";
		};
		62398C7A2BF29A2A001A5B8A /* WorkspaceDesigner */ = {
			isa = PBXGroup;
			children = (
				6236F9512AD345C4008FA7C4 /* WorkspaceView.swift */,
				62E165E32B20C336005E318A /* WorkspaceViews */,
				6236F9532AD345C4008FA7C4 /* ControlProgramView.swift */,
				622E73DD2B12ACC60035FDD5 /* ControlProgramViews */,
				623D724B2ADC696F00927DEA /* RegistersDataView.swift */,
			);
			path = WorkspaceDesigner;
			sourceTree = "<group>";
		};
		62C505712951C7030071F933 /* Frameworks */ = {
			isa = PBXGroup;
			children = (
			);
			name = Frameworks;
			sourceTree = "<group>";
		};
		62E0D34A2719C6FC009D58D2 = {
			isa = PBXGroup;
			children = (
				6236F9352AD3439B008FA7C4 /* Robotic Complex Workspace */,
				62E0D3592719C700009D58D2 /* Products */,
				62C505712951C7030071F933 /* Frameworks */,
			);
			sourceTree = "<group>";
		};
		62E0D3592719C700009D58D2 /* Products */ = {
			isa = PBXGroup;
			children = (
				6236F9342AD3439B008FA7C4 /* RCWorkspace.app */,
			);
			name = Products;
			sourceTree = "<group>";
		};
		62E165E32B20C336005E318A /* WorkspaceViews */ = {
			isa = PBXGroup;
			children = (
				62E165E42B20C422005E318A /* VisualWorkspaceView.swift */,
				62E165E62B20C692005E318A /* GalleryWorkspaceView.swift */,
				62E165E82B20C6E8005E318A /* SpatialWorkspaceView.swift */,
			);
			path = WorkspaceViews;
			sourceTree = "<group>";
		};
/* End PBXGroup section */

/* Begin PBXNativeTarget section */
		6236F9332AD3439B008FA7C4 /* RCWorkspace */ = {
			isa = PBXNativeTarget;
			buildConfigurationList = 6236F9452AD3439C008FA7C4 /* Build configuration list for PBXNativeTarget "RCWorkspace" */;
			buildPhases = (
				6236F9302AD3439B008FA7C4 /* Sources */,
				6236F9312AD3439B008FA7C4 /* Frameworks */,
				6236F9322AD3439B008FA7C4 /* Resources */,
			);
			buildRules = (
			);
			dependencies = (
			);
			fileSystemSynchronizedGroups = (
				62D6C49E2C997F33002CF2D9 /* 6DOF.robot */,
				62D6C4A12C997F33002CF2D9 /* Drill.tool */,
				62D6C4A42C997F33002CF2D9 /* Gripper.tool */,
				62D6C4A72C997F33002CF2D9 /* Portal.robot */,
				62D6C4B62C99A5BF002CF2D9 /* Books.part */,
				62D6C4B82C99A5BF002CF2D9 /* Cup.part */,
			);
			name = RCWorkspace;
			packageProductDependencies = (
				626EF85D2AD3493900F2A361 /* IndustrialKit */,
			);
			productName = "Robotic Complex Workspace";
			productReference = 6236F9342AD3439B008FA7C4 /* RCWorkspace.app */;
			productType = "com.apple.product-type.application";
		};
/* End PBXNativeTarget section */

/* Begin PBXProject section */
		62E0D34B2719C6FC009D58D2 /* Project object */ = {
			isa = PBXProject;
			attributes = {
				BuildIndependentTargetsInParallel = 1;
				LastSwiftUpdateCheck = 1510;
				LastUpgradeCheck = 1300;
				TargetAttributes = {
					6236F9332AD3439B008FA7C4 = {
						CreatedOnToolsVersion = 15.1;
					};
				};
			};
			buildConfigurationList = 62E0D34E2719C6FC009D58D2 /* Build configuration list for PBXProject "Robotic Complex Workspace" */;
			compatibilityVersion = "Xcode 13.0";
			developmentRegion = en;
			hasScannedForEncodings = 0;
			knownRegions = (
				en,
				Base,
			);
			mainGroup = 62E0D34A2719C6FC009D58D2;
			packageReferences = (
				62BD3FD829466BB500DA3167 /* XCRemoteSwiftPackageReference "IndustrialKit" */,
			);
			productRefGroup = 62E0D3592719C700009D58D2 /* Products */;
			projectDirPath = "";
			projectRoot = "";
			targets = (
				6236F9332AD3439B008FA7C4 /* RCWorkspace */,
			);
		};
/* End PBXProject section */

/* Begin PBXResourcesBuildPhase section */
		6236F9322AD3439B008FA7C4 /* Resources */ = {
			isa = PBXResourcesBuildPhase;
			buildActionMask = 2147483647;
			files = (
				6236F9422AD3439C008FA7C4 /* Preview Assets.xcassets in Resources */,
				6236F93D2AD3439C008FA7C4 /* Assets.xcassets in Resources */,
				6236F9852AD34763008FA7C4 /* RobotsInfo.plist in Resources */,
				6236F98A2AD347AA008FA7C4 /* Components.scnassets in Resources */,
			);
			runOnlyForDeploymentPostprocessing = 0;
		};
/* End PBXResourcesBuildPhase section */

/* Begin PBXSourcesBuildPhase section */
		6236F9302AD3439B008FA7C4 /* Sources */ = {
			isa = PBXSourcesBuildPhase;
			buildActionMask = 2147483647;
			files = (
				6236F95B2AD345C4008FA7C4 /* WorkspaceView.swift in Sources */,
				6236F9562AD345C4008FA7C4 /* ConnectorView.swift in Sources */,
				6255B91D2B9B9CF3002B575C /* DocumentUpdateHandler.swift in Sources */,
				62398C8E2BF2A70D001A5B8A /* PartView.swift in Sources */,
				62398C822BF29FDB001A5B8A /* RobotInspectorView.swift in Sources */,
				622E73DF2B12AD1D0035FDD5 /* PerformerElementsViews.swift in Sources */,
				62398C842BF2A0D9001A5B8A /* RobotView.swift in Sources */,
				6236F9632AD345FC008FA7C4 /* DynamicStack.swift in Sources */,
				622E73E12B12AD4A0035FDD5 /* ModifierElementsViews.swift in Sources */,
				6236F95E2AD345C4008FA7C4 /* ContentView.swift in Sources */,
				62E165E72B20C692005E318A /* GalleryWorkspaceView.swift in Sources */,
				62398C7C2BF29C39001A5B8A /* RobotsTableView.swift in Sources */,
				6236F95A2AD345C4008FA7C4 /* StatisticsView.swift in Sources */,
				6236F95C2AD345C4008FA7C4 /* RobotsView.swift in Sources */,
				6236F9552AD345C4008FA7C4 /* Sidebar.swift in Sources */,
				6236F9572AD345C4008FA7C4 /* ToolsView.swift in Sources */,
				62398C882BF2A3B1001A5B8A /* ToolView.swift in Sources */,
				6236F9592AD345C4008FA7C4 /* SettingsView.swift in Sources */,
				62398C802BF29E9A001A5B8A /* RobotsPassViews.swift in Sources */,
				622E73E32B12AD710035FDD5 /* LogicElementsViews.swift in Sources */,
				62E165E52B20C422005E318A /* VisualWorkspaceView.swift in Sources */,
				62398C8A2BF2A42C001A5B8A /* ToolInspectorView.swift in Sources */,
				6236F9392AD3439B008FA7C4 /* Robotic_Complex_WorkspaceDocument.swift in Sources */,
				6282EC752C9341EF006EBF3C /* List.swift in Sources */,
				6236F9642AD345FC008FA7C4 /* ContextMenus.swift in Sources */,
				6236F9372AD3439B008FA7C4 /* Robotic_Complex_WorkspaceApp.swift in Sources */,
				6236F9652AD345FC008FA7C4 /* DoubleModifier.swift in Sources */,
				6236F9492AD34591008FA7C4 /* Functions.swift in Sources */,
				62BFD7862B85699B00966525 /* ViewPendantButton.swift in Sources */,
				627D3E9B2AD34A7600D5988D /* AppState.swift in Sources */,
				627C25502C9DA7660087D777 /* AddObjectView.swift in Sources */,
				623D724C2ADC696F00927DEA /* RegistersDataView.swift in Sources */,
				6236F95D2AD345C4008FA7C4 /* ControlProgramView.swift in Sources */,
				62BFD7882B8C8B4000966525 /* SidebarController.swift in Sources */,
				6236F9582AD345C4008FA7C4 /* PartsView.swift in Sources */,
				62398C7E2BF29DCC001A5B8A /* AddRobotView.swift in Sources */,
			);
			runOnlyForDeploymentPostprocessing = 0;
		};
/* End PBXSourcesBuildPhase section */

/* Begin XCBuildConfiguration section */
		6236F9432AD3439C008FA7C4 /* Debug */ = {
			isa = XCBuildConfiguration;
			buildSettings = {
				ASSETCATALOG_COMPILER_APPICON_NAME = AppIcon;
				ASSETCATALOG_COMPILER_GENERATE_SWIFT_ASSET_SYMBOL_EXTENSIONS = YES;
				ASSETCATALOG_COMPILER_GLOBAL_ACCENT_COLOR_NAME = AccentColor;
				CLANG_CXX_LANGUAGE_STANDARD = "gnu++20";
				CODE_SIGN_ENTITLEMENTS = "Robotic Complex Workspace/Robotic_Complex_Workspace.entitlements";
				CODE_SIGN_STYLE = Automatic;
				CURRENT_PROJECT_VERSION = 1;
				DEVELOPMENT_ASSET_PATHS = "\"Robotic Complex Workspace/Preview Content\"";
				DEVELOPMENT_TEAM = 6T64H9365J;
				ENABLE_HARDENED_RUNTIME = YES;
				ENABLE_PREVIEWS = YES;
				ENABLE_USER_SCRIPT_SANDBOXING = YES;
				GCC_C_LANGUAGE_STANDARD = gnu17;
				GENERATE_INFOPLIST_FILE = YES;
				INFOPLIST_FILE = "Robotic Complex Workspace/Info.plist";
				INFOPLIST_KEY_CFBundleDisplayName = RCWorkspace;
				"INFOPLIST_KEY_UIApplicationSceneManifest_Generation[sdk=iphoneos*]" = YES;
				"INFOPLIST_KEY_UIApplicationSceneManifest_Generation[sdk=iphonesimulator*]" = YES;
				"INFOPLIST_KEY_UIApplicationSupportsIndirectInputEvents[sdk=iphoneos*]" = YES;
				"INFOPLIST_KEY_UIApplicationSupportsIndirectInputEvents[sdk=iphonesimulator*]" = YES;
				"INFOPLIST_KEY_UILaunchScreen_Generation[sdk=iphoneos*]" = YES;
				"INFOPLIST_KEY_UILaunchScreen_Generation[sdk=iphonesimulator*]" = YES;
				"INFOPLIST_KEY_UIStatusBarStyle[sdk=iphoneos*]" = UIStatusBarStyleDefault;
				"INFOPLIST_KEY_UIStatusBarStyle[sdk=iphonesimulator*]" = UIStatusBarStyleDefault;
				INFOPLIST_KEY_UISupportedInterfaceOrientations_iPad = "UIInterfaceOrientationPortrait UIInterfaceOrientationPortraitUpsideDown UIInterfaceOrientationLandscapeLeft UIInterfaceOrientationLandscapeRight";
				INFOPLIST_KEY_UISupportedInterfaceOrientations_iPhone = "UIInterfaceOrientationPortrait UIInterfaceOrientationLandscapeLeft UIInterfaceOrientationLandscapeRight";
				"INFOPLIST_KEY_UISupportsDocumentBrowser[sdk=iphoneos*]" = YES;
				"INFOPLIST_KEY_UISupportsDocumentBrowser[sdk=iphonesimulator*]" = YES;
				IPHONEOS_DEPLOYMENT_TARGET = 17.0;
				LD_RUNPATH_SEARCH_PATHS = "@executable_path/Frameworks";
				"LD_RUNPATH_SEARCH_PATHS[sdk=macosx*]" = "@executable_path/../Frameworks";
				LOCALIZATION_PREFERS_STRING_CATALOGS = YES;
				MACOSX_DEPLOYMENT_TARGET = 14.0;
				MARKETING_VERSION = 3.0.0;
				PRODUCT_BUNDLE_IDENTIFIER = celadon.RoboticComplexWorkspace;
				PRODUCT_NAME = "$(TARGET_NAME)";
				SDKROOT = auto;
				SUPPORTED_PLATFORMS = "iphoneos iphonesimulator macosx xros xrsimulator";
				SUPPORTS_MACCATALYST = NO;
				SWIFT_ACTIVE_COMPILATION_CONDITIONS = "DEBUG $(inherited)";
				SWIFT_EMIT_LOC_STRINGS = YES;
				SWIFT_VERSION = 5.0;
				TARGETED_DEVICE_FAMILY = "1,2,7";
			};
			name = Debug;
		};
		6236F9442AD3439C008FA7C4 /* Release */ = {
			isa = XCBuildConfiguration;
			buildSettings = {
				ASSETCATALOG_COMPILER_APPICON_NAME = AppIcon;
				ASSETCATALOG_COMPILER_GENERATE_SWIFT_ASSET_SYMBOL_EXTENSIONS = YES;
				ASSETCATALOG_COMPILER_GLOBAL_ACCENT_COLOR_NAME = AccentColor;
				CLANG_CXX_LANGUAGE_STANDARD = "gnu++20";
				CODE_SIGN_ENTITLEMENTS = "Robotic Complex Workspace/Robotic_Complex_Workspace.entitlements";
				CODE_SIGN_STYLE = Automatic;
				CURRENT_PROJECT_VERSION = 1;
				DEVELOPMENT_ASSET_PATHS = "\"Robotic Complex Workspace/Preview Content\"";
				DEVELOPMENT_TEAM = 6T64H9365J;
				ENABLE_HARDENED_RUNTIME = YES;
				ENABLE_PREVIEWS = YES;
				ENABLE_USER_SCRIPT_SANDBOXING = YES;
				GCC_C_LANGUAGE_STANDARD = gnu17;
				GENERATE_INFOPLIST_FILE = YES;
				INFOPLIST_FILE = "Robotic Complex Workspace/Info.plist";
				INFOPLIST_KEY_CFBundleDisplayName = RCWorkspace;
				"INFOPLIST_KEY_UIApplicationSceneManifest_Generation[sdk=iphoneos*]" = YES;
				"INFOPLIST_KEY_UIApplicationSceneManifest_Generation[sdk=iphonesimulator*]" = YES;
				"INFOPLIST_KEY_UIApplicationSupportsIndirectInputEvents[sdk=iphoneos*]" = YES;
				"INFOPLIST_KEY_UIApplicationSupportsIndirectInputEvents[sdk=iphonesimulator*]" = YES;
				"INFOPLIST_KEY_UILaunchScreen_Generation[sdk=iphoneos*]" = YES;
				"INFOPLIST_KEY_UILaunchScreen_Generation[sdk=iphonesimulator*]" = YES;
				"INFOPLIST_KEY_UIStatusBarStyle[sdk=iphoneos*]" = UIStatusBarStyleDefault;
				"INFOPLIST_KEY_UIStatusBarStyle[sdk=iphonesimulator*]" = UIStatusBarStyleDefault;
				INFOPLIST_KEY_UISupportedInterfaceOrientations_iPad = "UIInterfaceOrientationPortrait UIInterfaceOrientationPortraitUpsideDown UIInterfaceOrientationLandscapeLeft UIInterfaceOrientationLandscapeRight";
				INFOPLIST_KEY_UISupportedInterfaceOrientations_iPhone = "UIInterfaceOrientationPortrait UIInterfaceOrientationLandscapeLeft UIInterfaceOrientationLandscapeRight";
				"INFOPLIST_KEY_UISupportsDocumentBrowser[sdk=iphoneos*]" = YES;
				"INFOPLIST_KEY_UISupportsDocumentBrowser[sdk=iphonesimulator*]" = YES;
				IPHONEOS_DEPLOYMENT_TARGET = 17.0;
				LD_RUNPATH_SEARCH_PATHS = "@executable_path/Frameworks";
				"LD_RUNPATH_SEARCH_PATHS[sdk=macosx*]" = "@executable_path/../Frameworks";
				LOCALIZATION_PREFERS_STRING_CATALOGS = YES;
				MACOSX_DEPLOYMENT_TARGET = 14.0;
				MARKETING_VERSION = 3.0.0;
				PRODUCT_BUNDLE_IDENTIFIER = celadon.RoboticComplexWorkspace;
				PRODUCT_NAME = "$(TARGET_NAME)";
				SDKROOT = auto;
				SUPPORTED_PLATFORMS = "iphoneos iphonesimulator macosx xros xrsimulator";
				SUPPORTS_MACCATALYST = NO;
				SWIFT_EMIT_LOC_STRINGS = YES;
				SWIFT_VERSION = 5.0;
				TARGETED_DEVICE_FAMILY = "1,2,7";
			};
			name = Release;
		};
		62E0D36C2719C700009D58D2 /* Debug */ = {
			isa = XCBuildConfiguration;
			buildSettings = {
				ALWAYS_SEARCH_USER_PATHS = NO;
				CLANG_ANALYZER_NONNULL = YES;
				CLANG_ANALYZER_NUMBER_OBJECT_CONVERSION = YES_AGGRESSIVE;
				CLANG_CXX_LANGUAGE_STANDARD = "gnu++17";
				CLANG_CXX_LIBRARY = "libc++";
				CLANG_ENABLE_MODULES = YES;
				CLANG_ENABLE_OBJC_ARC = YES;
				CLANG_ENABLE_OBJC_WEAK = YES;
				CLANG_WARN_BLOCK_CAPTURE_AUTORELEASING = YES;
				CLANG_WARN_BOOL_CONVERSION = YES;
				CLANG_WARN_COMMA = YES;
				CLANG_WARN_CONSTANT_CONVERSION = YES;
				CLANG_WARN_DEPRECATED_OBJC_IMPLEMENTATIONS = YES;
				CLANG_WARN_DIRECT_OBJC_ISA_USAGE = YES_ERROR;
				CLANG_WARN_DOCUMENTATION_COMMENTS = YES;
				CLANG_WARN_EMPTY_BODY = YES;
				CLANG_WARN_ENUM_CONVERSION = YES;
				CLANG_WARN_INFINITE_RECURSION = YES;
				CLANG_WARN_INT_CONVERSION = YES;
				CLANG_WARN_NON_LITERAL_NULL_CONVERSION = YES;
				CLANG_WARN_OBJC_IMPLICIT_RETAIN_SELF = YES;
				CLANG_WARN_OBJC_LITERAL_CONVERSION = YES;
				CLANG_WARN_OBJC_ROOT_CLASS = YES_ERROR;
				CLANG_WARN_QUOTED_INCLUDE_IN_FRAMEWORK_HEADER = YES;
				CLANG_WARN_RANGE_LOOP_ANALYSIS = YES;
				CLANG_WARN_STRICT_PROTOTYPES = YES;
				CLANG_WARN_SUSPICIOUS_MOVE = YES;
				CLANG_WARN_UNGUARDED_AVAILABILITY = YES_AGGRESSIVE;
				CLANG_WARN_UNREACHABLE_CODE = YES;
				CLANG_WARN__DUPLICATE_METHOD_MATCH = YES;
				COPY_PHASE_STRIP = NO;
				DEBUG_INFORMATION_FORMAT = dwarf;
				ENABLE_STRICT_OBJC_MSGSEND = YES;
				ENABLE_TESTABILITY = YES;
				GCC_C_LANGUAGE_STANDARD = gnu11;
				GCC_DYNAMIC_NO_PIC = NO;
				GCC_NO_COMMON_BLOCKS = YES;
				GCC_OPTIMIZATION_LEVEL = 0;
				GCC_PREPROCESSOR_DEFINITIONS = (
					"DEBUG=1",
					"$(inherited)",
				);
				GCC_WARN_64_TO_32_BIT_CONVERSION = YES;
				GCC_WARN_ABOUT_RETURN_TYPE = YES_ERROR;
				GCC_WARN_UNDECLARED_SELECTOR = YES;
				GCC_WARN_UNINITIALIZED_AUTOS = YES_AGGRESSIVE;
				GCC_WARN_UNUSED_FUNCTION = YES;
				GCC_WARN_UNUSED_VARIABLE = YES;
				IPHONEOS_DEPLOYMENT_TARGET = 17.0;
				MACOSX_DEPLOYMENT_TARGET = 14.0;
				MTL_ENABLE_DEBUG_INFO = INCLUDE_SOURCE;
				MTL_FAST_MATH = YES;
				ONLY_ACTIVE_ARCH = YES;
				SWIFT_ACTIVE_COMPILATION_CONDITIONS = DEBUG;
				SWIFT_OPTIMIZATION_LEVEL = "-Onone";
				XROS_DEPLOYMENT_TARGET = 1.0;
			};
			name = Debug;
		};
		62E0D36D2719C700009D58D2 /* Release */ = {
			isa = XCBuildConfiguration;
			buildSettings = {
				ALWAYS_SEARCH_USER_PATHS = NO;
				CLANG_ANALYZER_NONNULL = YES;
				CLANG_ANALYZER_NUMBER_OBJECT_CONVERSION = YES_AGGRESSIVE;
				CLANG_CXX_LANGUAGE_STANDARD = "gnu++17";
				CLANG_CXX_LIBRARY = "libc++";
				CLANG_ENABLE_MODULES = YES;
				CLANG_ENABLE_OBJC_ARC = YES;
				CLANG_ENABLE_OBJC_WEAK = YES;
				CLANG_WARN_BLOCK_CAPTURE_AUTORELEASING = YES;
				CLANG_WARN_BOOL_CONVERSION = YES;
				CLANG_WARN_COMMA = YES;
				CLANG_WARN_CONSTANT_CONVERSION = YES;
				CLANG_WARN_DEPRECATED_OBJC_IMPLEMENTATIONS = YES;
				CLANG_WARN_DIRECT_OBJC_ISA_USAGE = YES_ERROR;
				CLANG_WARN_DOCUMENTATION_COMMENTS = YES;
				CLANG_WARN_EMPTY_BODY = YES;
				CLANG_WARN_ENUM_CONVERSION = YES;
				CLANG_WARN_INFINITE_RECURSION = YES;
				CLANG_WARN_INT_CONVERSION = YES;
				CLANG_WARN_NON_LITERAL_NULL_CONVERSION = YES;
				CLANG_WARN_OBJC_IMPLICIT_RETAIN_SELF = YES;
				CLANG_WARN_OBJC_LITERAL_CONVERSION = YES;
				CLANG_WARN_OBJC_ROOT_CLASS = YES_ERROR;
				CLANG_WARN_QUOTED_INCLUDE_IN_FRAMEWORK_HEADER = YES;
				CLANG_WARN_RANGE_LOOP_ANALYSIS = YES;
				CLANG_WARN_STRICT_PROTOTYPES = YES;
				CLANG_WARN_SUSPICIOUS_MOVE = YES;
				CLANG_WARN_UNGUARDED_AVAILABILITY = YES_AGGRESSIVE;
				CLANG_WARN_UNREACHABLE_CODE = YES;
				CLANG_WARN__DUPLICATE_METHOD_MATCH = YES;
				COPY_PHASE_STRIP = NO;
				DEBUG_INFORMATION_FORMAT = "dwarf-with-dsym";
				ENABLE_NS_ASSERTIONS = NO;
				ENABLE_STRICT_OBJC_MSGSEND = YES;
				GCC_C_LANGUAGE_STANDARD = gnu11;
				GCC_NO_COMMON_BLOCKS = YES;
				GCC_WARN_64_TO_32_BIT_CONVERSION = YES;
				GCC_WARN_ABOUT_RETURN_TYPE = YES_ERROR;
				GCC_WARN_UNDECLARED_SELECTOR = YES;
				GCC_WARN_UNINITIALIZED_AUTOS = YES_AGGRESSIVE;
				GCC_WARN_UNUSED_FUNCTION = YES;
				GCC_WARN_UNUSED_VARIABLE = YES;
				IPHONEOS_DEPLOYMENT_TARGET = 17.0;
				MACOSX_DEPLOYMENT_TARGET = 14.0;
				MTL_ENABLE_DEBUG_INFO = NO;
				MTL_FAST_MATH = YES;
				SWIFT_COMPILATION_MODE = wholemodule;
				SWIFT_OPTIMIZATION_LEVEL = "-O";
				XROS_DEPLOYMENT_TARGET = 1.0;
			};
			name = Release;
		};
/* End XCBuildConfiguration section */

/* Begin XCConfigurationList section */
		6236F9452AD3439C008FA7C4 /* Build configuration list for PBXNativeTarget "RCWorkspace" */ = {
			isa = XCConfigurationList;
			buildConfigurations = (
				6236F9432AD3439C008FA7C4 /* Debug */,
				6236F9442AD3439C008FA7C4 /* Release */,
			);
			defaultConfigurationIsVisible = 0;
			defaultConfigurationName = Release;
		};
		62E0D34E2719C6FC009D58D2 /* Build configuration list for PBXProject "Robotic Complex Workspace" */ = {
			isa = XCConfigurationList;
			buildConfigurations = (
				62E0D36C2719C700009D58D2 /* Debug */,
				62E0D36D2719C700009D58D2 /* Release */,
			);
			defaultConfigurationIsVisible = 0;
			defaultConfigurationName = Release;
		};
/* End XCConfigurationList section */

/* Begin XCRemoteSwiftPackageReference section */
		62BD3FD829466BB500DA3167 /* XCRemoteSwiftPackageReference "IndustrialKit" */ = {
			isa = XCRemoteSwiftPackageReference;
			repositoryURL = "https://github.com/MalkarovPark/IndustrialKit";
			requirement = {
				branch = main;
				kind = branch;
			};
		};
/* End XCRemoteSwiftPackageReference section */

/* Begin XCSwiftPackageProductDependency section */
		626EF85D2AD3493900F2A361 /* IndustrialKit */ = {
			isa = XCSwiftPackageProductDependency;
			package = 62BD3FD829466BB500DA3167 /* XCRemoteSwiftPackageReference "IndustrialKit" */;
			productName = IndustrialKit;
		};
/* End XCSwiftPackageProductDependency section */
	};
	rootObject = 62E0D34B2719C6FC009D58D2 /* Project object */;
}
