{
  "originHash" : "571c3737038228e513d9e46678d3a98f29e81c8f798956dc813717f52bb04a39",
  "pins" : [
    {
      "identity" : "industrialkit",
      "kind" : "remoteSourceControl",
      "location" : "https://github.com/MalkarovPark/IndustrialKit",
      "state" : {
        "branch" : "main",
        "revision" : "8d1a323dfc329c7d2f0c564f2fbfd52a8f96b113"
      }
    }
  ],
  "version" : 3
}
