{
  "originHash" : "571c3737038228e513d9e46678d3a98f29e81c8f798956dc813717f52bb04a39",
  "pins" : [
    {
      "identity" : "industrialkit",
      "kind" : "remoteSourceControl",
      "location" : "https://github.com/MalkarovPark/IndustrialKit",
      "state" : {
        "branch" : "development",
        "revision" : "924da9ddc69741c969d1800260760e85c16a7027"
      }
    }
  ],
  "version" : 3
}
