{
  "originHash" : "571c3737038228e513d9e46678d3a98f29e81c8f798956dc813717f52bb04a39",
  "pins" : [
    {
      "identity" : "industrialkit",
      "kind" : "remoteSourceControl",
      "location" : "https://github.com/MalkarovPark/IndustrialKit",
      "state" : {
        "branch" : "main",
        "revision" : "55bc69b16f70a4d937662907c581493b2b49c797"
      }
    }
  ],
  "version" : 3
}
